
Microsoft Visual Studio Solution File, Format Version 12.00
# Visual Studio 15
VisualStudioVersion = 15.0.28307.329
MinimumVisualStudioVersion = 10.0.40219.1
Project("{FAE04EC0-301F-11D3-BF4B-00C04F79EFBC}") = "Starship fighter", "Starship fighter\Starship fighter.csproj", "{6EECD780-6A30-4151-9288-29C6505D290A}"
EndProject
Global
	GlobalSection(SolutionConfigurationPlatforms) = preSolution
		Debug|Any CPU = Debug|Any CPU
		Release|Any CPU = Release|Any CPU
	EndGlobalSection
	GlobalSection(ProjectConfigurationPlatforms) = postSolution
		{6EECD780-6A30-4151-9288-29C6505D290A}.Debug|Any CPU.ActiveCfg = Debug|Any CPU
		{6EECD780-6A30-4151-9288-29C6505D290A}.Debug|Any CPU.Build.0 = Debug|Any CPU
		{6EECD780-6A30-4151-9288-29C6505D290A}.Release|Any CPU.ActiveCfg = Release|Any CPU
		{6EECD780-6A30-4151-9288-29C6505D290A}.Release|Any CPU.Build.0 = Release|Any CPU
	EndGlobalSection
	GlobalSection(SolutionProperties) = preSolution
		HideSolutionNode = FALSE
	EndGlobalSection
	GlobalSection(ExtensibilityGlobals) = postSolution
		SolutionGuid = {BF51F72F-BD12-4AD2-9C38-3D90E45A5E05}
	EndGlobalSection
EndGlobal
